
Microsoft Visual Studio Solution File, Format Version 12.00
# Visual Studio for Mac
Project("{FAE04EC0-301F-11D3-BF4B-00C04F79EFBC}") = "super blade", "super blade.csproj", "{461F0234-CDFF-0CAA-882F-FBA9F0E11D53}"
EndProject
Project("{FAE04EC0-301F-11D3-BF4B-00C04F79EFBC}") = "super blade.Plugins", "super blade.Plugins.csproj", "{B92E2C6C-D50A-EEB1-524D-0C91432F583E}"
EndProject
Project("{FAE04EC0-301F-11D3-BF4B-00C04F79EFBC}") = "super blade.Editor.Plugins", "super blade.Editor.Plugins.csproj", "{E6A3DBF1-B714-16DA-445E-E3854650F90A}"
EndProject
Global
	GlobalSection(SolutionConfigurationPlatforms) = preSolution
		Debug|Any CPU = Debug|Any CPU
		Release|Any CPU = Release|Any CPU
	EndGlobalSection
	GlobalSection(ProjectConfigurationPlatforms) = postSolution
		{461F0234-CDFF-0CAA-882F-FBA9F0E11D53}.Debug|Any CPU.ActiveCfg = Debug|Any CPU
		{461F0234-CDFF-0CAA-882F-FBA9F0E11D53}.Debug|Any CPU.Build.0 = Debug|Any CPU
		{461F0234-CDFF-0CAA-882F-FBA9F0E11D53}.Release|Any CPU.ActiveCfg = Release|Any CPU
		{461F0234-CDFF-0CAA-882F-FBA9F0E11D53}.Release|Any CPU.Build.0 = Release|Any CPU
		{B92E2C6C-D50A-EEB1-524D-0C91432F583E}.Debug|Any CPU.ActiveCfg = Debug|Any CPU
		{B92E2C6C-D50A-EEB1-524D-0C91432F583E}.Debug|Any CPU.Build.0 = Debug|Any CPU
		{B92E2C6C-D50A-EEB1-524D-0C91432F583E}.Release|Any CPU.ActiveCfg = Release|Any CPU
		{B92E2C6C-D50A-EEB1-524D-0C91432F583E}.Release|Any CPU.Build.0 = Release|Any CPU
		{E6A3DBF1-B714-16DA-445E-E3854650F90A}.Debug|Any CPU.ActiveCfg = Debug|Any CPU
		{E6A3DBF1-B714-16DA-445E-E3854650F90A}.Debug|Any CPU.Build.0 = Debug|Any CPU
		{E6A3DBF1-B714-16DA-445E-E3854650F90A}.Release|Any CPU.ActiveCfg = Release|Any CPU
		{E6A3DBF1-B714-16DA-445E-E3854650F90A}.Release|Any CPU.Build.0 = Release|Any CPU
	EndGlobalSection
	GlobalSection(SolutionProperties) = preSolution
		HideSolutionNode = FALSE
	EndGlobalSection
EndGlobal
