
Microsoft Visual Studio Solution File, Format Version 12.00
# Visual Studio for Mac
Project("{FAE04EC0-301F-11D3-BF4B-00C04F79EFBC}") = "Swimming go", "Swimming go.csproj", "{1728E859-6A23-474D-5C8D-649194AA734E}"
EndProject
Project("{FAE04EC0-301F-11D3-BF4B-00C04F79EFBC}") = "Swimming go.Plugins", "Swimming go.Plugins.csproj", "{575AA800-7433-2D9E-FCB0-2A5F22EBC19C}"
EndProject
Global
	GlobalSection(SolutionConfigurationPlatforms) = preSolution
		Debug|Any CPU = Debug|Any CPU
		Release|Any CPU = Release|Any CPU
	EndGlobalSection
	GlobalSection(ProjectConfigurationPlatforms) = postSolution
		{1728E859-6A23-474D-5C8D-649194AA734E}.Debug|Any CPU.ActiveCfg = Debug|Any CPU
		{1728E859-6A23-474D-5C8D-649194AA734E}.Debug|Any CPU.Build.0 = Debug|Any CPU
		{1728E859-6A23-474D-5C8D-649194AA734E}.Release|Any CPU.ActiveCfg = Release|Any CPU
		{1728E859-6A23-474D-5C8D-649194AA734E}.Release|Any CPU.Build.0 = Release|Any CPU
		{575AA800-7433-2D9E-FCB0-2A5F22EBC19C}.Debug|Any CPU.ActiveCfg = Debug|Any CPU
		{575AA800-7433-2D9E-FCB0-2A5F22EBC19C}.Debug|Any CPU.Build.0 = Debug|Any CPU
		{575AA800-7433-2D9E-FCB0-2A5F22EBC19C}.Release|Any CPU.ActiveCfg = Release|Any CPU
		{575AA800-7433-2D9E-FCB0-2A5F22EBC19C}.Release|Any CPU.Build.0 = Release|Any CPU
	EndGlobalSection
	GlobalSection(SolutionProperties) = preSolution
		HideSolutionNode = FALSE
	EndGlobalSection
EndGlobal
