
Microsoft Visual Studio Solution File, Format Version 12.00
# Visual Studio for Mac
Project("{FAE04EC0-301F-11D3-BF4B-00C04F79EFBC}") = "Swimming lane", "Swimming lane.csproj", "{A46E7A67-1F68-7208-DACE-7A09CEC399F5}"
EndProject
Project("{FAE04EC0-301F-11D3-BF4B-00C04F79EFBC}") = "Swimming lane.Plugins", "Swimming lane.Plugins.csproj", "{C2368463-94F6-5947-2363-2890CFC00930}"
EndProject
Global
	GlobalSection(SolutionConfigurationPlatforms) = preSolution
		Debug|Any CPU = Debug|Any CPU
		Release|Any CPU = Release|Any CPU
	EndGlobalSection
	GlobalSection(ProjectConfigurationPlatforms) = postSolution
		{A46E7A67-1F68-7208-DACE-7A09CEC399F5}.Debug|Any CPU.ActiveCfg = Debug|Any CPU
		{A46E7A67-1F68-7208-DACE-7A09CEC399F5}.Debug|Any CPU.Build.0 = Debug|Any CPU
		{A46E7A67-1F68-7208-DACE-7A09CEC399F5}.Release|Any CPU.ActiveCfg = Release|Any CPU
		{A46E7A67-1F68-7208-DACE-7A09CEC399F5}.Release|Any CPU.Build.0 = Release|Any CPU
		{C2368463-94F6-5947-2363-2890CFC00930}.Debug|Any CPU.ActiveCfg = Debug|Any CPU
		{C2368463-94F6-5947-2363-2890CFC00930}.Debug|Any CPU.Build.0 = Debug|Any CPU
		{C2368463-94F6-5947-2363-2890CFC00930}.Release|Any CPU.ActiveCfg = Release|Any CPU
		{C2368463-94F6-5947-2363-2890CFC00930}.Release|Any CPU.Build.0 = Release|Any CPU
	EndGlobalSection
	GlobalSection(SolutionProperties) = preSolution
		HideSolutionNode = FALSE
	EndGlobalSection
EndGlobal
