
Microsoft Visual Studio Solution File, Format Version 12.00
# Visual Studio for Mac
Project("{FAE04EC0-301F-11D3-BF4B-00C04F79EFBC}") = "Turn Quiz", "Turn Quiz.csproj", "{21A0289D-AFE7-4559-1F4D-8239693F91DC}"
EndProject
Project("{FAE04EC0-301F-11D3-BF4B-00C04F79EFBC}") = "Turn Quiz.Editor", "Turn Quiz.Editor.csproj", "{5B65F398-8ED0-232C-512F-5051A2890074}"
EndProject
Global
	GlobalSection(SolutionConfigurationPlatforms) = preSolution
		Debug|Any CPU = Debug|Any CPU
		Release|Any CPU = Release|Any CPU
	EndGlobalSection
	GlobalSection(ProjectConfigurationPlatforms) = postSolution
		{21A0289D-AFE7-4559-1F4D-8239693F91DC}.Debug|Any CPU.ActiveCfg = Debug|Any CPU
		{21A0289D-AFE7-4559-1F4D-8239693F91DC}.Debug|Any CPU.Build.0 = Debug|Any CPU
		{21A0289D-AFE7-4559-1F4D-8239693F91DC}.Release|Any CPU.ActiveCfg = Release|Any CPU
		{21A0289D-AFE7-4559-1F4D-8239693F91DC}.Release|Any CPU.Build.0 = Release|Any CPU
		{5B65F398-8ED0-232C-512F-5051A2890074}.Debug|Any CPU.ActiveCfg = Debug|Any CPU
		{5B65F398-8ED0-232C-512F-5051A2890074}.Debug|Any CPU.Build.0 = Debug|Any CPU
		{5B65F398-8ED0-232C-512F-5051A2890074}.Release|Any CPU.ActiveCfg = Release|Any CPU
		{5B65F398-8ED0-232C-512F-5051A2890074}.Release|Any CPU.Build.0 = Release|Any CPU
	EndGlobalSection
	GlobalSection(SolutionProperties) = preSolution
		HideSolutionNode = FALSE
	EndGlobalSection
EndGlobal
