
Microsoft Visual Studio Solution File, Format Version 11.00
# Visual Studio 2010
Project("{FAE04EC0-301F-11D3-BF4B-00C04F79EFBC}") = "Turn copy", "Assembly-CSharp.csproj", "{7F6DBD6A-880C-15FD-5DC2-5D7DB41217DB}"
EndProject
Project("{FAE04EC0-301F-11D3-BF4B-00C04F79EFBC}") = "Turn copy", "Assembly-CSharp-Editor.csproj", "{14815EFE-7783-CE12-4DF5-FE4BAF3C716E}"
EndProject
Global
	GlobalSection(SolutionConfigurationPlatforms) = preSolution
		Debug|Any CPU = Debug|Any CPU
		Release|Any CPU = Release|Any CPU
	EndGlobalSection
	GlobalSection(ProjectConfigurationPlatforms) = postSolution
		{7F6DBD6A-880C-15FD-5DC2-5D7DB41217DB}.Debug|Any CPU.ActiveCfg = Debug|Any CPU
		{7F6DBD6A-880C-15FD-5DC2-5D7DB41217DB}.Debug|Any CPU.Build.0 = Debug|Any CPU
		{7F6DBD6A-880C-15FD-5DC2-5D7DB41217DB}.Release|Any CPU.ActiveCfg = Release|Any CPU
		{7F6DBD6A-880C-15FD-5DC2-5D7DB41217DB}.Release|Any CPU.Build.0 = Release|Any CPU
		{14815EFE-7783-CE12-4DF5-FE4BAF3C716E}.Debug|Any CPU.ActiveCfg = Debug|Any CPU
		{14815EFE-7783-CE12-4DF5-FE4BAF3C716E}.Debug|Any CPU.Build.0 = Debug|Any CPU
		{14815EFE-7783-CE12-4DF5-FE4BAF3C716E}.Release|Any CPU.ActiveCfg = Release|Any CPU
		{14815EFE-7783-CE12-4DF5-FE4BAF3C716E}.Release|Any CPU.Build.0 = Release|Any CPU
	EndGlobalSection
	GlobalSection(SolutionProperties) = preSolution
		HideSolutionNode = FALSE
	EndGlobalSection
	GlobalSection(MonoDevelopProperties) = preSolution
		StartupItem = Assembly-CSharp.csproj
	EndGlobalSection
EndGlobal
