
Microsoft Visual Studio Solution File, Format Version 12.00
# Visual Studio for Mac
Project("{FAE04EC0-301F-11D3-BF4B-00C04F79EFBC}") = "Outside DEMO", "Outside DEMO.csproj", "{2606C6A4-DFD5-8C50-E10A-0A771ECF0E9A}"
EndProject
Project("{FAE04EC0-301F-11D3-BF4B-00C04F79EFBC}") = "Outside DEMO.Plugins", "Outside DEMO.Plugins.csproj", "{D1CACA9B-7B71-57BB-0747-92894E6DAC9A}"
EndProject
Project("{FAE04EC0-301F-11D3-BF4B-00C04F79EFBC}") = "Outside DEMO.Editor", "Outside DEMO.Editor.csproj", "{428E5575-2C55-3974-73CC-C5B4C76B8DF7}"
EndProject
Project("{FAE04EC0-301F-11D3-BF4B-00C04F79EFBC}") = "Outside DEMO.Editor.Plugins", "Outside DEMO.Editor.Plugins.csproj", "{179C1028-98F2-6194-2B98-E6A180076CDC}"
EndProject
Global
	GlobalSection(SolutionConfigurationPlatforms) = preSolution
		Debug|Any CPU = Debug|Any CPU
		Release|Any CPU = Release|Any CPU
	EndGlobalSection
	GlobalSection(ProjectConfigurationPlatforms) = postSolution
		{2606C6A4-DFD5-8C50-E10A-0A771ECF0E9A}.Debug|Any CPU.ActiveCfg = Debug|Any CPU
		{2606C6A4-DFD5-8C50-E10A-0A771ECF0E9A}.Debug|Any CPU.Build.0 = Debug|Any CPU
		{2606C6A4-DFD5-8C50-E10A-0A771ECF0E9A}.Release|Any CPU.ActiveCfg = Release|Any CPU
		{2606C6A4-DFD5-8C50-E10A-0A771ECF0E9A}.Release|Any CPU.Build.0 = Release|Any CPU
		{D1CACA9B-7B71-57BB-0747-92894E6DAC9A}.Debug|Any CPU.ActiveCfg = Debug|Any CPU
		{D1CACA9B-7B71-57BB-0747-92894E6DAC9A}.Debug|Any CPU.Build.0 = Debug|Any CPU
		{D1CACA9B-7B71-57BB-0747-92894E6DAC9A}.Release|Any CPU.ActiveCfg = Release|Any CPU
		{D1CACA9B-7B71-57BB-0747-92894E6DAC9A}.Release|Any CPU.Build.0 = Release|Any CPU
		{428E5575-2C55-3974-73CC-C5B4C76B8DF7}.Debug|Any CPU.ActiveCfg = Debug|Any CPU
		{428E5575-2C55-3974-73CC-C5B4C76B8DF7}.Debug|Any CPU.Build.0 = Debug|Any CPU
		{428E5575-2C55-3974-73CC-C5B4C76B8DF7}.Release|Any CPU.ActiveCfg = Release|Any CPU
		{428E5575-2C55-3974-73CC-C5B4C76B8DF7}.Release|Any CPU.Build.0 = Release|Any CPU
		{179C1028-98F2-6194-2B98-E6A180076CDC}.Debug|Any CPU.ActiveCfg = Debug|Any CPU
		{179C1028-98F2-6194-2B98-E6A180076CDC}.Debug|Any CPU.Build.0 = Debug|Any CPU
		{179C1028-98F2-6194-2B98-E6A180076CDC}.Release|Any CPU.ActiveCfg = Release|Any CPU
		{179C1028-98F2-6194-2B98-E6A180076CDC}.Release|Any CPU.Build.0 = Release|Any CPU
	EndGlobalSection
	GlobalSection(SolutionProperties) = preSolution
		HideSolutionNode = FALSE
	EndGlobalSection
EndGlobal
